{
  "name": "peergrader",
  "lockfileVersion": 3,
  "requires": true,
  "packages": {
    "": {
      "dependencies": {
        "lodash": "^4.17.21",
        "lodash.throttle": "^4.1.1"
      },
      "devDependencies": {
        "@types/lodash.throttle": "^4.1.9",
        "@types/react-resizable": "^3.0.7"
      }
    },
    "node_modules/@types/lodash": {
      "version": "4.17.0",
      "resolved": "https://registry.npmjs.org/@types/lodash/-/lodash-4.17.0.tgz",
      "integrity": "sha512-t7dhREVv6dbNj0q17X12j7yDG4bD/DHYX7o5/DbDxobP0HnGPgpRz2Ej77aL7TZT3DSw13fqUTj8J4mMnqa7WA==",
      "dev": true
    },
    "node_modules/@types/lodash.throttle": {
      "version": "4.1.9",
      "resolved": "https://registry.npmjs.org/@types/lodash.throttle/-/lodash.throttle-4.1.9.tgz",
      "integrity": "sha512-PCPVfpfueguWZQB7pJQK890F2scYKoDUL3iM522AptHWn7d5NQmeS/LTEHIcLr5PaTzl3dK2Z0xSUHHTHwaL5g==",
      "dev": true,
      "dependencies": {
        "@types/lodash": "*"
      }
    },
    "node_modules/@types/prop-types": {
      "version": "15.7.12",
      "resolved": "https://registry.npmjs.org/@types/prop-types/-/prop-types-15.7.12.tgz",
      "integrity": "sha512-5zvhXYtRNRluoE/jAp4GVsSduVUzNWKkOZrCDBWYtE7biZywwdC2AcEzg+cSMLFRfVgeAFqpfNabiPjxFddV1Q==",
      "dev": true
    },
    "node_modules/@types/react": {
      "version": "18.3.1",
      "resolved": "https://registry.npmjs.org/@types/react/-/react-18.3.1.tgz",
      "integrity": "sha512-V0kuGBX3+prX+DQ/7r2qsv1NsdfnCLnTgnRJ1pYnxykBhGMz+qj+box5lq7XsO5mtZsBqpjwwTu/7wszPfMBcw==",
      "dev": true,
      "dependencies": {
        "@types/prop-types": "*",
        "csstype": "^3.0.2"
      }
    },
    "node_modules/@types/react-resizable": {
      "version": "3.0.7",
      "resolved": "https://registry.npmjs.org/@types/react-resizable/-/react-resizable-3.0.7.tgz",
      "integrity": "sha512-V4N7/xDUME+cxKya/A73MmFrHofTupVdE45boRxeA8HL4Q5pJh3AuG0FWCEy2GB84unIMSRISyEAS/GHWum9EQ==",
      "dev": true,
      "dependencies": {
        "@types/react": "*"
      }
    },
    "node_modules/csstype": {
      "version": "3.1.3",
      "resolved": "https://registry.npmjs.org/csstype/-/csstype-3.1.3.tgz",
      "integrity": "sha512-M1uQkMl8rQK/szD0LNhtqxIPLpimGm8sOBwU7lLnCpSbTyY3yeU1Vc7l4KT5zT4s/yOxHH5O7tIuuLOCnLADRw==",
      "dev": true
    },
    "node_modules/lodash": {
      "version": "4.17.21",
      "resolved": "https://registry.npmjs.org/lodash/-/lodash-4.17.21.tgz",
      "integrity": "sha512-v2kDEe57lecTulaDIuNTPy3Ry4gLGJ6Z1O3vE1krgXZNrsQ+LFTGHVxVjcXPs17LhbZVGedAJv8XZ1tvj5FvSg=="
    },
    "node_modules/lodash.throttle": {
      "version": "4.1.1",
      "resolved": "https://registry.npmjs.org/lodash.throttle/-/lodash.throttle-4.1.1.tgz",
      "integrity": "sha512-wIkUCfVKpVsWo3JSZlc+8MB5it+2AN5W8J7YVMST30UrvcQNZ1Okbj+rbVniijTWE6FGYy4XJq/rHkas8qJMLQ=="
    }
  }
}
